// !$*UTF8*$!
{
	archiveVersion = 1;
	classes = {
	};
	objectVersion = 46;
	objects = {

/* Begin PBXBuildFile section */
		AFD60DEE1F4BBA190052E974 /* main.m in Sources */ = {isa = PBXBuildFile; fileRef = AFD60DED1F4BBA190052E974 /* main.m */; };
		AFD60DF11F4BBA190052E974 /* AppDelegate.m in Sources */ = {isa = PBXBuildFile; fileRef = AFD60DF01F4BBA190052E974 /* AppDelegate.m */; };
		AFD60DF41F4BBA190052E974 /* ViewController.m in Sources */ = {isa = PBXBuildFile; fileRef = AFD60DF31F4BBA190052E974 /* ViewController.m */; };
		AFD60DF71F4BBA190052E974 /* Main.storyboard in Resources */ = {isa = PBXBuildFile; fileRef = AFD60DF51F4BBA190052E974 /* Main.storyboard */; };
		AFD60DF91F4BBA190052E974 /* Assets.xcassets in Resources */ = {isa = PBXBuildFile; fileRef = AFD60DF81F4BBA190052E974 /* Assets.xcassets */; };
		AFD60DFC1F4BBA190052E974 /* LaunchScreen.storyboard in Resources */ = {isa = PBXBuildFile; fileRef = AFD60DFA1F4BBA190052E974 /* LaunchScreen.storyboard */; };
		AFD60E071F4BBA190052E974 /* OCtestTests.m in Sources */ = {isa = PBXBuildFile; fileRef = AFD60E061F4BBA190052E974 /* OCtestTests.m */; };
		AFD60E121F4BBA190052E974 /* OCtestUITests.m in Sources */ = {isa = PBXBuildFile; fileRef = AFD60E111F4BBA190052E974 /* OCtestUITests.m */; };
/* End PBXBuildFile section */

/* Begin PBXContainerItemProxy section */
		AFD60E031F4BBA190052E974 /* PBXContainerItemProxy */ = {
			isa = PBXContainerItemProxy;
			containerPortal = AFD60DE11F4BBA190052E974 /* Project object */;
			proxyType = 1;
			remoteGlobalIDString = AFD60DE81F4BBA190052E974;
			remoteInfo = OCtest;
		};
		AFD60E0E1F4BBA190052E974 /* PBXContainerItemProxy */ = {
			isa = PBXContainerItemProxy;
			containerPortal = AFD60DE11F4BBA190052E974 /* Project object */;
			proxyType = 1;
			remoteGlobalIDString = AFD60DE81F4BBA190052E974;
			remoteInfo = OCtest;
		};
/* End PBXContainerItemProxy section */

/* Begin PBXFileReference section */
		AFD60DE91F4BBA190052E974 /* OCtest.app */ = {isa = PBXFileReference; explicitFileType = wrapper.application; includeInIndex = 0; path = OCtest.app; sourceTree = BUILT_PRODUCTS_DIR; };
		AFD60DED1F4BBA190052E974 /* main.m */ = {isa = PBXFileReference; lastKnownFileType = sourcecode.c.objc; path = main.m; sourceTree = "<group>"; };
		AFD60DEF1F4BBA190052E974 /* AppDelegate.h */ = {isa = PBXFileReference; lastKnownFileType = sourcecode.c.h; path = AppDelegate.h; sourceTree = "<group>"; };
		AFD60DF01F4BBA190052E974 /* AppDelegate.m */ = {isa = PBXFileReference; lastKnownFileType = sourcecode.c.objc; path = AppDelegate.m; sourceTree = "<group>"; };
		AFD60DF21F4BBA190052E974 /* ViewController.h */ = {isa = PBXFileReference; lastKnownFileType = sourcecode.c.h; path = ViewController.h; sourceTree = "<group>"; };
		AFD60DF31F4BBA190052E974 /* ViewController.m */ = {isa = PBXFileReference; lastKnownFileType = sourcecode.c.objc; path = ViewController.m; sourceTree = "<group>"; };
		AFD60DF61F4BBA190052E974 /* Base */ = {isa = PBXFileReference; lastKnownFileType = file.storyboard; name = Base; path = Base.lproj/Main.storyboard; sourceTree = "<group>"; };
		AFD60DF81F4BBA190052E974 /* Assets.xcassets */ = {isa = PBXFileReference; lastKnownFileType = folder.assetcatalog; path = Assets.xcassets; sourceTree = "<group>"; };
		AFD60DFB1F4BBA190052E974 /* Base */ = {isa = PBXFileReference; lastKnownFileType = file.storyboard; name = Base; path = Base.lproj/LaunchScreen.storyboard; sourceTree = "<group>"; };
		AFD60DFD1F4BBA190052E974 /* Info.plist */ = {isa = PBXFileReference; lastKnownFileType = text.plist.xml; path = Info.plist; sourceTree = "<group>"; };
		AFD60E021F4BBA190052E974 /* OCtestTests.xctest */ = {isa = PBXFileReference; explicitFileType = wrapper.cfbundle; includeInIndex = 0; path = OCtestTests.xctest; sourceTree = BUILT_PRODUCTS_DIR; };
		AFD60E061F4BBA190052E974 /* OCtestTests.m */ = {isa = PBXFileReference; lastKnownFileType = sourcecode.c.objc; path = OCtestTests.m; sourceTree = "<group>"; };
		AFD60E081F4BBA190052E974 /* Info.plist */ = {isa = PBXFileReference; lastKnownFileType = text.plist.xml; path = Info.plist; sourceTree = "<group>"; };
		AFD60E0D1F4BBA190052E974 /* OCtestUITests.xctest */ = {isa = PBXFileReference; explicitFileType = wrapper.cfbundle; includeInIndex = 0; path = OCtestUITests.xctest; sourceTree = BUILT_PRODUCTS_DIR; };
		AFD60E111F4BBA190052E974 /* OCtestUITests.m */ = {isa = PBXFileReference; lastKnownFileType = sourcecode.c.objc; path = OCtestUITests.m; sourceTree = "<group>"; };
		AFD60E131F4BBA190052E974 /* Info.plist */ = {isa = PBXFileReference; lastKnownFileType = text.plist.xml; path = Info.plist; sourceTree = "<group>"; };
/* End PBXFileReference section */

/* Begin PBXFrameworksBuildPhase section */
		AFD60DE61F4BBA190052E974 /* Frameworks */ = {
			isa = PBXFrameworksBuildPhase;
			buildActionMask = 2147483647;
			files = (
			);
			runOnlyForDeploymentPostprocessing = 0;
		};
		AFD60DFF1F4BBA190052E974 /* Frameworks */ = {
			isa = PBXFrameworksBuildPhase;
			buildActionMask = 2147483647;
			files = (
			);
			runOnlyForDeploymentPostprocessing = 0;
		};
		AFD60E0A1F4BBA190052E974 /* Frameworks */ = {
			isa = PBXFrameworksBuildPhase;
			buildActionMask = 2147483647;
			files = (
			);
			runOnlyForDeploymentPostprocessing = 0;
		};
/* End PBXFrameworksBuildPhase section */

/* Begin PBXGroup section */
		AFD60DE01F4BBA190052E974 = {
			isa = PBXGroup;
			children = (
				AFD60DEB1F4BBA190052E974 /* OCtest */,
				AFD60E051F4BBA190052E974 /* OCtestTests */,
				AFD60E101F4BBA190052E974 /* OCtestUITests */,
				AFD60DEA1F4BBA190052E974 /* Products */,
			);
			sourceTree = "<group>";
		};
		AFD60DEA1F4BBA190052E974 /* Products */ = {
			isa = PBXGroup;
			children = (
				AFD60DE91F4BBA190052E974 /* OCtest.app */,
				AFD60E021F4BBA190052E974 /* OCtestTests.xctest */,
				AFD60E0D1F4BBA190052E974 /* OCtestUITests.xctest */,
			);
			name = Products;
			sourceTree = "<group>";
		};
		AFD60DEB1F4BBA190052E974 /* OCtest */ = {
			isa = PBXGroup;
			children = (
				AFD60DEF1F4BBA190052E974 /* AppDelegate.h */,
				AFD60DF01F4BBA190052E974 /* AppDelegate.m */,
				AFD60DF21F4BBA190052E974 /* ViewController.h */,
				AFD60DF31F4BBA190052E974 /* ViewController.m */,
				AFD60DF51F4BBA190052E974 /* Main.storyboard */,
				AFD60DF81F4BBA190052E974 /* Assets.xcassets */,
				AFD60DFA1F4BBA190052E974 /* LaunchScreen.storyboard */,
				AFD60DFD1F4BBA190052E974 /* Info.plist */,
				AFD60DEC1F4BBA190052E974 /* Supporting Files */,
			);
			path = OCtest;
			sourceTree = "<group>";
		};
		AFD60DEC1F4BBA190052E974 /* Supporting Files */ = {
			isa = PBXGroup;
			children = (
				AFD60DED1F4BBA190052E974 /* main.m */,
			);
			name = "Supporting Files";
			sourceTree = "<group>";
		};
		AFD60E051F4BBA190052E974 /* OCtestTests */ = {
			isa = PBXGroup;
			children = (
				AFD60E061F4BBA190052E974 /* OCtestTests.m */,
				AFD60E081F4BBA190052E974 /* Info.plist */,
			);
			path = OCtestTests;
			sourceTree = "<group>";
		};
		AFD60E101F4BBA190052E974 /* OCtestUITests */ = {
			isa = PBXGroup;
			children = (
				AFD60E111F4BBA190052E974 /* OCtestUITests.m */,
				AFD60E131F4BBA190052E974 /* Info.plist */,
			);
			path = OCtestUITests;
			sourceTree = "<group>";
		};
/* End PBXGroup section */

/* Begin PBXNativeTarget section */
		AFD60DE81F4BBA190052E974 /* OCtest */ = {
			isa = PBXNativeTarget;
			buildConfigurationList = AFD60E161F4BBA190052E974 /* Build configuration list for PBXNativeTarget "OCtest" */;
			buildPhases = (
				AFD60DE51F4BBA190052E974 /* Sources */,
				AFD60DE61F4BBA190052E974 /* Frameworks */,
				AFD60DE71F4BBA190052E974 /* Resources */,
			);
			buildRules = (
			);
			dependencies = (
			);
			name = OCtest;
			productName = OCtest;
			productReference = AFD60DE91F4BBA190052E974 /* OCtest.app */;
			productType = "com.apple.product-type.application";
		};
		AFD60E011F4BBA190052E974 /* OCtestTests */ = {
			isa = PBXNativeTarget;
			buildConfigurationList = AFD60E191F4BBA190052E974 /* Build configuration list for PBXNativeTarget "OCtestTests" */;
			buildPhases = (
				AFD60DFE1F4BBA190052E974 /* Sources */,
				AFD60DFF1F4BBA190052E974 /* Frameworks */,
				AFD60E001F4BBA190052E974 /* Resources */,
			);
			buildRules = (
			);
			dependencies = (
				AFD60E041F4BBA190052E974 /* PBXTargetDependency */,
			);
			name = OCtestTests;
			productName = OCtestTests;
			productReference = AFD60E021F4BBA190052E974 /* OCtestTests.xctest */;
			productType = "com.apple.product-type.bundle.unit-test";
		};
		AFD60E0C1F4BBA190052E974 /* OCtestUITests */ = {
			isa = PBXNativeTarget;
			buildConfigurationList = AFD60E1C1F4BBA190052E974 /* Build configuration list for PBXNativeTarget "OCtestUITests" */;
			buildPhases = (
				AFD60E091F4BBA190052E974 /* Sources */,
				AFD60E0A1F4BBA190052E974 /* Frameworks */,
				AFD60E0B1F4BBA190052E974 /* Resources */,
			);
			buildRules = (
			);
			dependencies = (
				AFD60E0F1F4BBA190052E974 /* PBXTargetDependency */,
			);
			name = OCtestUITests;
			productName = OCtestUITests;
			productReference = AFD60E0D1F4BBA190052E974 /* OCtestUITests.xctest */;
			productType = "com.apple.product-type.bundle.ui-testing";
		};
/* End PBXNativeTarget section */

/* Begin PBXProject section */
		AFD60DE11F4BBA190052E974 /* Project object */ = {
			isa = PBXProject;
			attributes = {
				LastUpgradeCheck = 0830;
				ORGANIZATIONNAME = yingjie;
				TargetAttributes = {
					AFD60DE81F4BBA190052E974 = {
						CreatedOnToolsVersion = 8.3.3;
						DevelopmentTeam = XBP8Y7FXNL;
						ProvisioningStyle = Automatic;
					};
					AFD60E011F4BBA190052E974 = {
						CreatedOnToolsVersion = 8.3.3;
						ProvisioningStyle = Automatic;
						TestTargetID = AFD60DE81F4BBA190052E974;
					};
					AFD60E0C1F4BBA190052E974 = {
						CreatedOnToolsVersion = 8.3.3;
						ProvisioningStyle = Automatic;
						TestTargetID = AFD60DE81F4BBA190052E974;
					};
				};
			};
			buildConfigurationList = AFD60DE41F4BBA190052E974 /* Build configuration list for PBXProject "OCtest" */;
			compatibilityVersion = "Xcode 3.2";
			developmentRegion = English;
			hasScannedForEncodings = 0;
			knownRegions = (
				en,
				Base,
			);
			mainGroup = AFD60DE01F4BBA190052E974;
			productRefGroup = AFD60DEA1F4BBA190052E974 /* Products */;
			projectDirPath = "";
			projectRoot = "";
			targets = (
				AFD60DE81F4BBA190052E974 /* OCtest */,
				AFD60E011F4BBA190052E974 /* OCtestTests */,
				AFD60E0C1F4BBA190052E974 /* OCtestUITests */,
			);
		};
/* End PBXProject section */

/* Begin PBXResourcesBuildPhase section */
		AFD60DE71F4BBA190052E974 /* Resources */ = {
			isa = PBXResourcesBuildPhase;
			buildActionMask = 2147483647;
			files = (
				AFD60DFC1F4BBA190052E974 /* LaunchScreen.storyboard in Resources */,
				AFD60DF91F4BBA190052E974 /* Assets.xcassets in Resources */,
				AFD60DF71F4BBA190052E974 /* Main.storyboard in Resources */,
			);
			runOnlyForDeploymentPostprocessing = 0;
		};
		AFD60E001F4BBA190052E974 /* Resources */ = {
			isa = PBXResourcesBuildPhase;
			buildActionMask = 2147483647;
			files = (
			);
			runOnlyForDeploymentPostprocessing = 0;
		};
		AFD60E0B1F4BBA190052E974 /* Resources */ = {
			isa = PBXResourcesBuildPhase;
			buildActionMask = 2147483647;
			files = (
			);
			runOnlyForDeploymentPostprocessing = 0;
		};
/* End PBXResourcesBuildPhase section */

/* Begin PBXSourcesBuildPhase section */
		AFD60DE51F4BBA190052E974 /* Sources */ = {
			isa = PBXSourcesBuildPhase;
			buildActionMask = 2147483647;
			files = (
				AFD60DF41F4BBA190052E974 /* ViewController.m in Sources */,
				AFD60DF11F4BBA190052E974 /* AppDelegate.m in Sources */,
				AFD60DEE1F4BBA190052E974 /* main.m in Sources */,
			);
			runOnlyForDeploymentPostprocessing = 0;
		};
		AFD60DFE1F4BBA190052E974 /* Sources */ = {
			isa = PBXSourcesBuildPhase;
			buildActionMask = 2147483647;
			files = (
				AFD60E071F4BBA190052E974 /* OCtestTests.m in Sources */,
			);
			runOnlyForDeploymentPostprocessing = 0;
		};
		AFD60E091F4BBA190052E974 /* Sources */ = {
			isa = PBXSourcesBuildPhase;
			buildActionMask = 2147483647;
			files = (
				AFD60E121F4BBA190052E974 /* OCtestUITests.m in Sources */,
			);
			runOnlyForDeploymentPostprocessing = 0;
		};
/* End PBXSourcesBuildPhase section */

/* Begin PBXTargetDependency section */
		AFD60E041F4BBA190052E974 /* PBXTargetDependency */ = {
			isa = PBXTargetDependency;
			target = AFD60DE81F4BBA190052E974 /* OCtest */;
			targetProxy = AFD60E031F4BBA190052E974 /* PBXContainerItemProxy */;
		};
		AFD60E0F1F4BBA190052E974 /* PBXTargetDependency */ = {
			isa = PBXTargetDependency;
			target = AFD60DE81F4BBA190052E974 /* OCtest */;
			targetProxy = AFD60E0E1F4BBA190052E974 /* PBXContainerItemProxy */;
		};
/* End PBXTargetDependency section */

/* Begin PBXVariantGroup section */
		AFD60DF51F4BBA190052E974 /* Main.storyboard */ = {
			isa = PBXVariantGroup;
			children = (
				AFD60DF61F4BBA190052E974 /* Base */,
			);
			name = Main.storyboard;
			sourceTree = "<group>";
		};
		AFD60DFA1F4BBA190052E974 /* LaunchScreen.storyboard */ = {
			isa = PBXVariantGroup;
			children = (
				AFD60DFB1F4BBA190052E974 /* Base */,
			);
			name = LaunchScreen.storyboard;
			sourceTree = "<group>";
		};
/* End PBXVariantGroup section */

/* Begin XCBuildConfiguration section */
		AFD60E141F4BBA190052E974 /* Debug */ = {
			isa = XCBuildConfiguration;
			buildSettings = {
				ALWAYS_SEARCH_USER_PATHS = NO;
				CLANG_ANALYZER_NONNULL = YES;
				CLANG_ANALYZER_NUMBER_OBJECT_CONVERSION = YES_AGGRESSIVE;
				CLANG_CXX_LANGUAGE_STANDARD = "gnu++0x";
				CLANG_CXX_LIBRARY = "libc++";
				CLANG_ENABLE_MODULES = YES;
				CLANG_ENABLE_OBJC_ARC = YES;
				CLANG_WARN_BOOL_CONVERSION = YES;
				CLANG_WARN_CONSTANT_CONVERSION = YES;
				CLANG_WARN_DIRECT_OBJC_ISA_USAGE = YES_ERROR;
				CLANG_WARN_DOCUMENTATION_COMMENTS = YES;
				CLANG_WARN_EMPTY_BODY = YES;
				CLANG_WARN_ENUM_CONVERSION = YES;
				CLANG_WARN_INFINITE_RECURSION = YES;
				CLANG_WARN_INT_CONVERSION = YES;
				CLANG_WARN_OBJC_ROOT_CLASS = YES_ERROR;
				CLANG_WARN_SUSPICIOUS_MOVE = YES;
				CLANG_WARN_UNREACHABLE_CODE = YES;
				CLANG_WARN__DUPLICATE_METHOD_MATCH = YES;
				"CODE_SIGN_IDENTITY[sdk=iphoneos*]" = "iPhone Developer";
				COPY_PHASE_STRIP = NO;
				DEBUG_INFORMATION_FORMAT = dwarf;
				ENABLE_STRICT_OBJC_MSGSEND = YES;
				ENABLE_TESTABILITY = YES;
				GCC_C_LANGUAGE_STANDARD = gnu99;
				GCC_DYNAMIC_NO_PIC = NO;
				GCC_NO_COMMON_BLOCKS = YES;
				GCC_OPTIMIZATION_LEVEL = 0;
				GCC_PREPROCESSOR_DEFINITIONS = (
					"DEBUG=1",
					"$(inherited)",
				);
				GCC_WARN_64_TO_32_BIT_CONVERSION = YES;
				GCC_WARN_ABOUT_RETURN_TYPE = YES_ERROR;
				GCC_WARN_UNDECLARED_SELECTOR = YES;
				GCC_WARN_UNINITIALIZED_AUTOS = YES_AGGRESSIVE;
				GCC_WARN_UNUSED_FUNCTION = YES;
				GCC_WARN_UNUSED_VARIABLE = YES;
				IPHONEOS_DEPLOYMENT_TARGET = 10.3;
				MTL_ENABLE_DEBUG_INFO = YES;
				ONLY_ACTIVE_ARCH = YES;
				SDKROOT = iphoneos;
				TARGETED_DEVICE_FAMILY = "1,2";
			};
			name = Debug;
		};
		AFD60E151F4BBA190052E974 /* Release */ = {
			isa = XCBuildConfiguration;
			buildSettings = {
				ALWAYS_SEARCH_USER_PATHS = NO;
				CLANG_ANALYZER_NONNULL = YES;
				CLANG_ANALYZER_NUMBER_OBJECT_CONVERSION = YES_AGGRESSIVE;
				CLANG_CXX_LANGUAGE_STANDARD = "gnu++0x";
				CLANG_CXX_LIBRARY = "libc++";
				CLANG_ENABLE_MODULES = YES;
				CLANG_ENABLE_OBJC_ARC = YES;
				CLANG_WARN_BOOL_CONVERSION = YES;
				CLANG_WARN_CONSTANT_CONVERSION = YES;
				CLANG_WARN_DIRECT_OBJC_ISA_USAGE = YES_ERROR;
				CLANG_WARN_DOCUMENTATION_COMMENTS = YES;
				CLANG_WARN_EMPTY_BODY = YES;
				CLANG_WARN_ENUM_CONVERSION = YES;
				CLANG_WARN_INFINITE_RECURSION = YES;
				CLANG_WARN_INT_CONVERSION = YES;
				CLANG_WARN_OBJC_ROOT_CLASS = YES_ERROR;
				CLANG_WARN_SUSPICIOUS_MOVE = YES;
				CLANG_WARN_UNREACHABLE_CODE = YES;
				CLANG_WARN__DUPLICATE_METHOD_MATCH = YES;
				"CODE_SIGN_IDENTITY[sdk=iphoneos*]" = "iPhone Developer";
				COPY_PHASE_STRIP = NO;
				DEBUG_INFORMATION_FORMAT = "dwarf-with-dsym";
				ENABLE_NS_ASSERTIONS = NO;
				ENABLE_STRICT_OBJC_MSGSEND = YES;
				GCC_C_LANGUAGE_STANDARD = gnu99;
				GCC_NO_COMMON_BLOCKS = YES;
				GCC_WARN_64_TO_32_BIT_CONVERSION = YES;
				GCC_WARN_ABOUT_RETURN_TYPE = YES_ERROR;
				GCC_WARN_UNDECLARED_SELECTOR = YES;
				GCC_WARN_UNINITIALIZED_AUTOS = YES_AGGRESSIVE;
				GCC_WARN_UNUSED_FUNCTION = YES;
				GCC_WARN_UNUSED_VARIABLE = YES;
				IPHONEOS_DEPLOYMENT_TARGET = 10.3;
				MTL_ENABLE_DEBUG_INFO = NO;
				SDKROOT = iphoneos;
				TARGETED_DEVICE_FAMILY = "1,2";
				VALIDATE_PRODUCT = YES;
			};
			name = Release;
		};
		AFD60E171F4BBA190052E974 /* Debug */ = {
			isa = XCBuildConfiguration;
			buildSettings = {
				ASSETCATALOG_COMPILER_APPICON_NAME = AppIcon;
				DEVELOPMENT_TEAM = XBP8Y7FXNL;
				INFOPLIST_FILE = OCtest/Info.plist;
				LD_RUNPATH_SEARCH_PATHS = "$(inherited) @executable_path/Frameworks";
				PRODUCT_BUNDLE_IDENTIFIER = yingjie2;
				PRODUCT_NAME = "$(TARGET_NAME)";
			};
			name = Debug;
		};
		AFD60E181F4BBA190052E974 /* Release */ = {
			isa = XCBuildConfiguration;
			buildSettings = {
				ASSETCATALOG_COMPILER_APPICON_NAME = AppIcon;
				DEVELOPMENT_TEAM = XBP8Y7FXNL;
				INFOPLIST_FILE = OCtest/Info.plist;
				LD_RUNPATH_SEARCH_PATHS = "$(inherited) @executable_path/Frameworks";
				PRODUCT_BUNDLE_IDENTIFIER = yingjie2;
				PRODUCT_NAME = "$(TARGET_NAME)";
			};
			name = Release;
		};
		AFD60E1A1F4BBA190052E974 /* Debug */ = {
			isa = XCBuildConfiguration;
			buildSettings = {
				BUNDLE_LOADER = "$(TEST_HOST)";
				INFOPLIST_FILE = OCtestTests/Info.plist;
				LD_RUNPATH_SEARCH_PATHS = "$(inherited) @executable_path/Frameworks @loader_path/Frameworks";
				PRODUCT_BUNDLE_IDENTIFIER = yingjie.OCtestTests;
				PRODUCT_NAME = "$(TARGET_NAME)";
				TEST_HOST = "$(BUILT_PRODUCTS_DIR)/OCtest.app/OCtest";
			};
			name = Debug;
		};
		AFD60E1B1F4BBA190052E974 /* Release */ = {
			isa = XCBuildConfiguration;
			buildSettings = {
				BUNDLE_LOADER = "$(TEST_HOST)";
				INFOPLIST_FILE = OCtestTests/Info.plist;
				LD_RUNPATH_SEARCH_PATHS = "$(inherited) @executable_path/Frameworks @loader_path/Frameworks";
				PRODUCT_BUNDLE_IDENTIFIER = yingjie.OCtestTests;
				PRODUCT_NAME = "$(TARGET_NAME)";
				TEST_HOST = "$(BUILT_PRODUCTS_DIR)/OCtest.app/OCtest";
			};
			name = Release;
		};
		AFD60E1D1F4BBA190052E974 /* Debug */ = {
			isa = XCBuildConfiguration;
			buildSettings = {
				INFOPLIST_FILE = OCtestUITests/Info.plist;
				LD_RUNPATH_SEARCH_PATHS = "$(inherited) @executable_path/Frameworks @loader_path/Frameworks";
				PRODUCT_BUNDLE_IDENTIFIER = yingjie.OCtestUITests;
				PRODUCT_NAME = "$(TARGET_NAME)";
				TEST_TARGET_NAME = OCtest;
			};
			name = Debug;
		};
		AFD60E1E1F4BBA190052E974 /* Release */ = {
			isa = XCBuildConfiguration;
			buildSettings = {
				INFOPLIST_FILE = OCtestUITests/Info.plist;
				LD_RUNPATH_SEARCH_PATHS = "$(inherited) @executable_path/Frameworks @loader_path/Frameworks";
				PRODUCT_BUNDLE_IDENTIFIER = yingjie.OCtestUITests;
				PRODUCT_NAME = "$(TARGET_NAME)";
				TEST_TARGET_NAME = OCtest;
			};
			name = Release;
		};
/* End XCBuildConfiguration section */

/* Begin XCConfigurationList section */
		AFD60DE41F4BBA190052E974 /* Build configuration list for PBXProject "OCtest" */ = {
			isa = XCConfigurationList;
			buildConfigurations = (
				AFD60E141F4BBA190052E974 /* Debug */,
				AFD60E151F4BBA190052E974 /* Release */,
			);
			defaultConfigurationIsVisible = 0;
			defaultConfigurationName = Release;
		};
		AFD60E161F4BBA190052E974 /* Build configuration list for PBXNativeTarget "OCtest" */ = {
			isa = XCConfigurationList;
			buildConfigurations = (
				AFD60E171F4BBA190052E974 /* Debug */,
				AFD60E181F4BBA190052E974 /* Release */,
			);
			defaultConfigurationIsVisible = 0;
		};
		AFD60E191F4BBA190052E974 /* Build configuration list for PBXNativeTarget "OCtestTests" */ = {
			isa = XCConfigurationList;
			buildConfigurations = (
				AFD60E1A1F4BBA190052E974 /* Debug */,
				AFD60E1B1F4BBA190052E974 /* Release */,
			);
			defaultConfigurationIsVisible = 0;
		};
		AFD60E1C1F4BBA190052E974 /* Build configuration list for PBXNativeTarget "OCtestUITests" */ = {
			isa = XCConfigurationList;
			buildConfigurations = (
				AFD60E1D1F4BBA190052E974 /* Debug */,
				AFD60E1E1F4BBA190052E974 /* Release */,
			);
			defaultConfigurationIsVisible = 0;
		};
/* End XCConfigurationList section */
	};
	rootObject = AFD60DE11F4BBA190052E974 /* Project object */;
}
