// !$*UTF8*$!
{
	archiveVersion = 1;
	classes = {
	};
	objectVersion = 46;
	objects = {

/* Begin PBXBuildFile section */
		AFD60D011F4B3EA90052E974 /* AppDelegate.swift in Sources */ = {isa = PBXBuildFile; fileRef = AFD60D001F4B3EA90052E974 /* AppDelegate.swift */; };
		AFD60D031F4B3EA90052E974 /* FirstViewController.swift in Sources */ = {isa = PBXBuildFile; fileRef = AFD60D021F4B3EA90052E974 /* FirstViewController.swift */; };
		AFD60D051F4B3EA90052E974 /* SecondViewController.swift in Sources */ = {isa = PBXBuildFile; fileRef = AFD60D041F4B3EA90052E974 /* SecondViewController.swift */; };
		AFD60D081F4B3EA90052E974 /* Main.storyboard in Resources */ = {isa = PBXBuildFile; fileRef = AFD60D061F4B3EA90052E974 /* Main.storyboard */; };
		AFD60D0A1F4B3EA90052E974 /* Assets.xcassets in Resources */ = {isa = PBXBuildFile; fileRef = AFD60D091F4B3EA90052E974 /* Assets.xcassets */; };
		AFD60D0D1F4B3EA90052E974 /* LaunchScreen.storyboard in Resources */ = {isa = PBXBuildFile; fileRef = AFD60D0B1F4B3EA90052E974 /* LaunchScreen.storyboard */; };
		AFD60D181F4B3EA90052E974 /* App_testTests.swift in Sources */ = {isa = PBXBuildFile; fileRef = AFD60D171F4B3EA90052E974 /* App_testTests.swift */; };
		AFD60D231F4B3EA90052E974 /* App_testUITests.swift in Sources */ = {isa = PBXBuildFile; fileRef = AFD60D221F4B3EA90052E974 /* App_testUITests.swift */; };
/* End PBXBuildFile section */

/* Begin PBXContainerItemProxy section */
		AFD60D141F4B3EA90052E974 /* PBXContainerItemProxy */ = {
			isa = PBXContainerItemProxy;
			containerPortal = AFD60CF51F4B3EA90052E974 /* Project object */;
			proxyType = 1;
			remoteGlobalIDString = AFD60CFC1F4B3EA90052E974;
			remoteInfo = "App-test";
		};
		AFD60D1F1F4B3EA90052E974 /* PBXContainerItemProxy */ = {
			isa = PBXContainerItemProxy;
			containerPortal = AFD60CF51F4B3EA90052E974 /* Project object */;
			proxyType = 1;
			remoteGlobalIDString = AFD60CFC1F4B3EA90052E974;
			remoteInfo = "App-test";
		};
/* End PBXContainerItemProxy section */

/* Begin PBXFileReference section */
		AFD60CFD1F4B3EA90052E974 /* App-test.app */ = {isa = PBXFileReference; explicitFileType = wrapper.application; includeInIndex = 0; path = "App-test.app"; sourceTree = BUILT_PRODUCTS_DIR; };
		AFD60D001F4B3EA90052E974 /* AppDelegate.swift */ = {isa = PBXFileReference; lastKnownFileType = sourcecode.swift; path = AppDelegate.swift; sourceTree = "<group>"; };
		AFD60D021F4B3EA90052E974 /* FirstViewController.swift */ = {isa = PBXFileReference; lastKnownFileType = sourcecode.swift; path = FirstViewController.swift; sourceTree = "<group>"; };
		AFD60D041F4B3EA90052E974 /* SecondViewController.swift */ = {isa = PBXFileReference; lastKnownFileType = sourcecode.swift; path = SecondViewController.swift; sourceTree = "<group>"; };
		AFD60D071F4B3EA90052E974 /* Base */ = {isa = PBXFileReference; lastKnownFileType = file.storyboard; name = Base; path = Base.lproj/Main.storyboard; sourceTree = "<group>"; };
		AFD60D091F4B3EA90052E974 /* Assets.xcassets */ = {isa = PBXFileReference; lastKnownFileType = folder.assetcatalog; path = Assets.xcassets; sourceTree = "<group>"; };
		AFD60D0C1F4B3EA90052E974 /* Base */ = {isa = PBXFileReference; lastKnownFileType = file.storyboard; name = Base; path = Base.lproj/LaunchScreen.storyboard; sourceTree = "<group>"; };
		AFD60D0E1F4B3EA90052E974 /* Info.plist */ = {isa = PBXFileReference; lastKnownFileType = text.plist.xml; path = Info.plist; sourceTree = "<group>"; };
		AFD60D131F4B3EA90052E974 /* App-testTests.xctest */ = {isa = PBXFileReference; explicitFileType = wrapper.cfbundle; includeInIndex = 0; path = "App-testTests.xctest"; sourceTree = BUILT_PRODUCTS_DIR; };
		AFD60D171F4B3EA90052E974 /* App_testTests.swift */ = {isa = PBXFileReference; lastKnownFileType = sourcecode.swift; path = App_testTests.swift; sourceTree = "<group>"; };
		AFD60D191F4B3EA90052E974 /* Info.plist */ = {isa = PBXFileReference; lastKnownFileType = text.plist.xml; path = Info.plist; sourceTree = "<group>"; };
		AFD60D1E1F4B3EA90052E974 /* App-testUITests.xctest */ = {isa = PBXFileReference; explicitFileType = wrapper.cfbundle; includeInIndex = 0; path = "App-testUITests.xctest"; sourceTree = BUILT_PRODUCTS_DIR; };
		AFD60D221F4B3EA90052E974 /* App_testUITests.swift */ = {isa = PBXFileReference; lastKnownFileType = sourcecode.swift; path = App_testUITests.swift; sourceTree = "<group>"; };
		AFD60D241F4B3EA90052E974 /* Info.plist */ = {isa = PBXFileReference; lastKnownFileType = text.plist.xml; path = Info.plist; sourceTree = "<group>"; };
/* End PBXFileReference section */

/* Begin PBXFrameworksBuildPhase section */
		AFD60CFA1F4B3EA90052E974 /* Frameworks */ = {
			isa = PBXFrameworksBuildPhase;
			buildActionMask = 2147483647;
			files = (
			);
			runOnlyForDeploymentPostprocessing = 0;
		};
		AFD60D101F4B3EA90052E974 /* Frameworks */ = {
			isa = PBXFrameworksBuildPhase;
			buildActionMask = 2147483647;
			files = (
			);
			runOnlyForDeploymentPostprocessing = 0;
		};
		AFD60D1B1F4B3EA90052E974 /* Frameworks */ = {
			isa = PBXFrameworksBuildPhase;
			buildActionMask = 2147483647;
			files = (
			);
			runOnlyForDeploymentPostprocessing = 0;
		};
/* End PBXFrameworksBuildPhase section */

/* Begin PBXGroup section */
		AFD60CF41F4B3EA90052E974 = {
			isa = PBXGroup;
			children = (
				AFD60CFF1F4B3EA90052E974 /* App-test */,
				AFD60D161F4B3EA90052E974 /* App-testTests */,
				AFD60D211F4B3EA90052E974 /* App-testUITests */,
				AFD60CFE1F4B3EA90052E974 /* Products */,
			);
			sourceTree = "<group>";
		};
		AFD60CFE1F4B3EA90052E974 /* Products */ = {
			isa = PBXGroup;
			children = (
				AFD60CFD1F4B3EA90052E974 /* App-test.app */,
				AFD60D131F4B3EA90052E974 /* App-testTests.xctest */,
				AFD60D1E1F4B3EA90052E974 /* App-testUITests.xctest */,
			);
			name = Products;
			sourceTree = "<group>";
		};
		AFD60CFF1F4B3EA90052E974 /* App-test */ = {
			isa = PBXGroup;
			children = (
				AFD60D001F4B3EA90052E974 /* AppDelegate.swift */,
				AFD60D021F4B3EA90052E974 /* FirstViewController.swift */,
				AFD60D041F4B3EA90052E974 /* SecondViewController.swift */,
				AFD60D061F4B3EA90052E974 /* Main.storyboard */,
				AFD60D091F4B3EA90052E974 /* Assets.xcassets */,
				AFD60D0B1F4B3EA90052E974 /* LaunchScreen.storyboard */,
				AFD60D0E1F4B3EA90052E974 /* Info.plist */,
			);
			path = "App-test";
			sourceTree = "<group>";
		};
		AFD60D161F4B3EA90052E974 /* App-testTests */ = {
			isa = PBXGroup;
			children = (
				AFD60D171F4B3EA90052E974 /* App_testTests.swift */,
				AFD60D191F4B3EA90052E974 /* Info.plist */,
			);
			path = "App-testTests";
			sourceTree = "<group>";
		};
		AFD60D211F4B3EA90052E974 /* App-testUITests */ = {
			isa = PBXGroup;
			children = (
				AFD60D221F4B3EA90052E974 /* App_testUITests.swift */,
				AFD60D241F4B3EA90052E974 /* Info.plist */,
			);
			path = "App-testUITests";
			sourceTree = "<group>";
		};
/* End PBXGroup section */

/* Begin PBXNativeTarget section */
		AFD60CFC1F4B3EA90052E974 /* App-test */ = {
			isa = PBXNativeTarget;
			buildConfigurationList = AFD60D271F4B3EA90052E974 /* Build configuration list for PBXNativeTarget "App-test" */;
			buildPhases = (
				AFD60CF91F4B3EA90052E974 /* Sources */,
				AFD60CFA1F4B3EA90052E974 /* Frameworks */,
				AFD60CFB1F4B3EA90052E974 /* Resources */,
			);
			buildRules = (
			);
			dependencies = (
			);
			name = "App-test";
			productName = "App-test";
			productReference = AFD60CFD1F4B3EA90052E974 /* App-test.app */;
			productType = "com.apple.product-type.application";
		};
		AFD60D121F4B3EA90052E974 /* App-testTests */ = {
			isa = PBXNativeTarget;
			buildConfigurationList = AFD60D2A1F4B3EA90052E974 /* Build configuration list for PBXNativeTarget "App-testTests" */;
			buildPhases = (
				AFD60D0F1F4B3EA90052E974 /* Sources */,
				AFD60D101F4B3EA90052E974 /* Frameworks */,
				AFD60D111F4B3EA90052E974 /* Resources */,
			);
			buildRules = (
			);
			dependencies = (
				AFD60D151F4B3EA90052E974 /* PBXTargetDependency */,
			);
			name = "App-testTests";
			productName = "App-testTests";
			productReference = AFD60D131F4B3EA90052E974 /* App-testTests.xctest */;
			productType = "com.apple.product-type.bundle.unit-test";
		};
		AFD60D1D1F4B3EA90052E974 /* App-testUITests */ = {
			isa = PBXNativeTarget;
			buildConfigurationList = AFD60D2D1F4B3EA90052E974 /* Build configuration list for PBXNativeTarget "App-testUITests" */;
			buildPhases = (
				AFD60D1A1F4B3EA90052E974 /* Sources */,
				AFD60D1B1F4B3EA90052E974 /* Frameworks */,
				AFD60D1C1F4B3EA90052E974 /* Resources */,
			);
			buildRules = (
			);
			dependencies = (
				AFD60D201F4B3EA90052E974 /* PBXTargetDependency */,
			);
			name = "App-testUITests";
			productName = "App-testUITests";
			productReference = AFD60D1E1F4B3EA90052E974 /* App-testUITests.xctest */;
			productType = "com.apple.product-type.bundle.ui-testing";
		};
/* End PBXNativeTarget section */

/* Begin PBXProject section */
		AFD60CF51F4B3EA90052E974 /* Project object */ = {
			isa = PBXProject;
			attributes = {
				LastSwiftUpdateCheck = 0830;
				LastUpgradeCheck = 0830;
				ORGANIZATIONNAME = yingjie;
				TargetAttributes = {
					AFD60CFC1F4B3EA90052E974 = {
						CreatedOnToolsVersion = 8.3.3;
						DevelopmentTeam = 54368JVM24;
						ProvisioningStyle = Automatic;
					};
					AFD60D121F4B3EA90052E974 = {
						CreatedOnToolsVersion = 8.3.3;
						DevelopmentTeam = 54368JVM24;
						ProvisioningStyle = Automatic;
						TestTargetID = AFD60CFC1F4B3EA90052E974;
					};
					AFD60D1D1F4B3EA90052E974 = {
						CreatedOnToolsVersion = 8.3.3;
						DevelopmentTeam = 54368JVM24;
						ProvisioningStyle = Automatic;
						TestTargetID = AFD60CFC1F4B3EA90052E974;
					};
				};
			};
			buildConfigurationList = AFD60CF81F4B3EA90052E974 /* Build configuration list for PBXProject "App-test" */;
			compatibilityVersion = "Xcode 3.2";
			developmentRegion = English;
			hasScannedForEncodings = 0;
			knownRegions = (
				en,
				Base,
			);
			mainGroup = AFD60CF41F4B3EA90052E974;
			productRefGroup = AFD60CFE1F4B3EA90052E974 /* Products */;
			projectDirPath = "";
			projectRoot = "";
			targets = (
				AFD60CFC1F4B3EA90052E974 /* App-test */,
				AFD60D121F4B3EA90052E974 /* App-testTests */,
				AFD60D1D1F4B3EA90052E974 /* App-testUITests */,
			);
		};
/* End PBXProject section */

/* Begin PBXResourcesBuildPhase section */
		AFD60CFB1F4B3EA90052E974 /* Resources */ = {
			isa = PBXResourcesBuildPhase;
			buildActionMask = 2147483647;
			files = (
				AFD60D0D1F4B3EA90052E974 /* LaunchScreen.storyboard in Resources */,
				AFD60D0A1F4B3EA90052E974 /* Assets.xcassets in Resources */,
				AFD60D081F4B3EA90052E974 /* Main.storyboard in Resources */,
			);
			runOnlyForDeploymentPostprocessing = 0;
		};
		AFD60D111F4B3EA90052E974 /* Resources */ = {
			isa = PBXResourcesBuildPhase;
			buildActionMask = 2147483647;
			files = (
			);
			runOnlyForDeploymentPostprocessing = 0;
		};
		AFD60D1C1F4B3EA90052E974 /* Resources */ = {
			isa = PBXResourcesBuildPhase;
			buildActionMask = 2147483647;
			files = (
			);
			runOnlyForDeploymentPostprocessing = 0;
		};
/* End PBXResourcesBuildPhase section */

/* Begin PBXSourcesBuildPhase section */
		AFD60CF91F4B3EA90052E974 /* Sources */ = {
			isa = PBXSourcesBuildPhase;
			buildActionMask = 2147483647;
			files = (
				AFD60D051F4B3EA90052E974 /* SecondViewController.swift in Sources */,
				AFD60D011F4B3EA90052E974 /* AppDelegate.swift in Sources */,
				AFD60D031F4B3EA90052E974 /* FirstViewController.swift in Sources */,
			);
			runOnlyForDeploymentPostprocessing = 0;
		};
		AFD60D0F1F4B3EA90052E974 /* Sources */ = {
			isa = PBXSourcesBuildPhase;
			buildActionMask = 2147483647;
			files = (
				AFD60D181F4B3EA90052E974 /* App_testTests.swift in Sources */,
			);
			runOnlyForDeploymentPostprocessing = 0;
		};
		AFD60D1A1F4B3EA90052E974 /* Sources */ = {
			isa = PBXSourcesBuildPhase;
			buildActionMask = 2147483647;
			files = (
				AFD60D231F4B3EA90052E974 /* App_testUITests.swift in Sources */,
			);
			runOnlyForDeploymentPostprocessing = 0;
		};
/* End PBXSourcesBuildPhase section */

/* Begin PBXTargetDependency section */
		AFD60D151F4B3EA90052E974 /* PBXTargetDependency */ = {
			isa = PBXTargetDependency;
			target = AFD60CFC1F4B3EA90052E974 /* App-test */;
			targetProxy = AFD60D141F4B3EA90052E974 /* PBXContainerItemProxy */;
		};
		AFD60D201F4B3EA90052E974 /* PBXTargetDependency */ = {
			isa = PBXTargetDependency;
			target = AFD60CFC1F4B3EA90052E974 /* App-test */;
			targetProxy = AFD60D1F1F4B3EA90052E974 /* PBXContainerItemProxy */;
		};
/* End PBXTargetDependency section */

/* Begin PBXVariantGroup section */
		AFD60D061F4B3EA90052E974 /* Main.storyboard */ = {
			isa = PBXVariantGroup;
			children = (
				AFD60D071F4B3EA90052E974 /* Base */,
			);
			name = Main.storyboard;
			sourceTree = "<group>";
		};
		AFD60D0B1F4B3EA90052E974 /* LaunchScreen.storyboard */ = {
			isa = PBXVariantGroup;
			children = (
				AFD60D0C1F4B3EA90052E974 /* Base */,
			);
			name = LaunchScreen.storyboard;
			sourceTree = "<group>";
		};
/* End PBXVariantGroup section */

/* Begin XCBuildConfiguration section */
		AFD60D251F4B3EA90052E974 /* Debug */ = {
			isa = XCBuildConfiguration;
			buildSettings = {
				ALWAYS_SEARCH_USER_PATHS = NO;
				CLANG_ANALYZER_NONNULL = YES;
				CLANG_ANALYZER_NUMBER_OBJECT_CONVERSION = YES_AGGRESSIVE;
				CLANG_CXX_LANGUAGE_STANDARD = "gnu++0x";
				CLANG_CXX_LIBRARY = "libc++";
				CLANG_ENABLE_MODULES = YES;
				CLANG_ENABLE_OBJC_ARC = YES;
				CLANG_WARN_BOOL_CONVERSION = YES;
				CLANG_WARN_CONSTANT_CONVERSION = YES;
				CLANG_WARN_DIRECT_OBJC_ISA_USAGE = YES_ERROR;
				CLANG_WARN_DOCUMENTATION_COMMENTS = YES;
				CLANG_WARN_EMPTY_BODY = YES;
				CLANG_WARN_ENUM_CONVERSION = YES;
				CLANG_WARN_INFINITE_RECURSION = YES;
				CLANG_WARN_INT_CONVERSION = YES;
				CLANG_WARN_OBJC_ROOT_CLASS = YES_ERROR;
				CLANG_WARN_SUSPICIOUS_MOVE = YES;
				CLANG_WARN_UNREACHABLE_CODE = YES;
				CLANG_WARN__DUPLICATE_METHOD_MATCH = YES;
				"CODE_SIGN_IDENTITY[sdk=iphoneos*]" = "iPhone Developer";
				COPY_PHASE_STRIP = NO;
				DEBUG_INFORMATION_FORMAT = dwarf;
				ENABLE_STRICT_OBJC_MSGSEND = YES;
				ENABLE_TESTABILITY = YES;
				GCC_C_LANGUAGE_STANDARD = gnu99;
				GCC_DYNAMIC_NO_PIC = NO;
				GCC_NO_COMMON_BLOCKS = YES;
				GCC_OPTIMIZATION_LEVEL = 0;
				GCC_PREPROCESSOR_DEFINITIONS = (
					"DEBUG=1",
					"$(inherited)",
				);
				GCC_WARN_64_TO_32_BIT_CONVERSION = YES;
				GCC_WARN_ABOUT_RETURN_TYPE = YES_ERROR;
				GCC_WARN_UNDECLARED_SELECTOR = YES;
				GCC_WARN_UNINITIALIZED_AUTOS = YES_AGGRESSIVE;
				GCC_WARN_UNUSED_FUNCTION = YES;
				GCC_WARN_UNUSED_VARIABLE = YES;
				IPHONEOS_DEPLOYMENT_TARGET = 10.3;
				MTL_ENABLE_DEBUG_INFO = YES;
				ONLY_ACTIVE_ARCH = YES;
				SDKROOT = iphoneos;
				SWIFT_ACTIVE_COMPILATION_CONDITIONS = DEBUG;
				SWIFT_OPTIMIZATION_LEVEL = "-Onone";
				TARGETED_DEVICE_FAMILY = "1,2";
			};
			name = Debug;
		};
		AFD60D261F4B3EA90052E974 /* Release */ = {
			isa = XCBuildConfiguration;
			buildSettings = {
				ALWAYS_SEARCH_USER_PATHS = NO;
				CLANG_ANALYZER_NONNULL = YES;
				CLANG_ANALYZER_NUMBER_OBJECT_CONVERSION = YES_AGGRESSIVE;
				CLANG_CXX_LANGUAGE_STANDARD = "gnu++0x";
				CLANG_CXX_LIBRARY = "libc++";
				CLANG_ENABLE_MODULES = YES;
				CLANG_ENABLE_OBJC_ARC = YES;
				CLANG_WARN_BOOL_CONVERSION = YES;
				CLANG_WARN_CONSTANT_CONVERSION = YES;
				CLANG_WARN_DIRECT_OBJC_ISA_USAGE = YES_ERROR;
				CLANG_WARN_DOCUMENTATION_COMMENTS = YES;
				CLANG_WARN_EMPTY_BODY = YES;
				CLANG_WARN_ENUM_CONVERSION = YES;
				CLANG_WARN_INFINITE_RECURSION = YES;
				CLANG_WARN_INT_CONVERSION = YES;
				CLANG_WARN_OBJC_ROOT_CLASS = YES_ERROR;
				CLANG_WARN_SUSPICIOUS_MOVE = YES;
				CLANG_WARN_UNREACHABLE_CODE = YES;
				CLANG_WARN__DUPLICATE_METHOD_MATCH = YES;
				"CODE_SIGN_IDENTITY[sdk=iphoneos*]" = "iPhone Developer";
				COPY_PHASE_STRIP = NO;
				DEBUG_INFORMATION_FORMAT = "dwarf-with-dsym";
				ENABLE_NS_ASSERTIONS = NO;
				ENABLE_STRICT_OBJC_MSGSEND = YES;
				GCC_C_LANGUAGE_STANDARD = gnu99;
				GCC_NO_COMMON_BLOCKS = YES;
				GCC_WARN_64_TO_32_BIT_CONVERSION = YES;
				GCC_WARN_ABOUT_RETURN_TYPE = YES_ERROR;
				GCC_WARN_UNDECLARED_SELECTOR = YES;
				GCC_WARN_UNINITIALIZED_AUTOS = YES_AGGRESSIVE;
				GCC_WARN_UNUSED_FUNCTION = YES;
				GCC_WARN_UNUSED_VARIABLE = YES;
				IPHONEOS_DEPLOYMENT_TARGET = 10.3;
				MTL_ENABLE_DEBUG_INFO = NO;
				SDKROOT = iphoneos;
				SWIFT_OPTIMIZATION_LEVEL = "-Owholemodule";
				TARGETED_DEVICE_FAMILY = "1,2";
				VALIDATE_PRODUCT = YES;
			};
			name = Release;
		};
		AFD60D281F4B3EA90052E974 /* Debug */ = {
			isa = XCBuildConfiguration;
			buildSettings = {
				ASSETCATALOG_COMPILER_APPICON_NAME = AppIcon;
				DEVELOPMENT_TEAM = 54368JVM24;
				INFOPLIST_FILE = "App-test/Info.plist";
				LD_RUNPATH_SEARCH_PATHS = "$(inherited) @executable_path/Frameworks";
				PRODUCT_BUNDLE_IDENTIFIER = "yingjie.App-test";
				PRODUCT_NAME = "$(TARGET_NAME)";
				SWIFT_VERSION = 3.0;
			};
			name = Debug;
		};
		AFD60D291F4B3EA90052E974 /* Release */ = {
			isa = XCBuildConfiguration;
			buildSettings = {
				ASSETCATALOG_COMPILER_APPICON_NAME = AppIcon;
				DEVELOPMENT_TEAM = 54368JVM24;
				INFOPLIST_FILE = "App-test/Info.plist";
				LD_RUNPATH_SEARCH_PATHS = "$(inherited) @executable_path/Frameworks";
				PRODUCT_BUNDLE_IDENTIFIER = "yingjie.App-test";
				PRODUCT_NAME = "$(TARGET_NAME)";
				SWIFT_VERSION = 3.0;
			};
			name = Release;
		};
		AFD60D2B1F4B3EA90052E974 /* Debug */ = {
			isa = XCBuildConfiguration;
			buildSettings = {
				ALWAYS_EMBED_SWIFT_STANDARD_LIBRARIES = YES;
				BUNDLE_LOADER = "$(TEST_HOST)";
				DEVELOPMENT_TEAM = 54368JVM24;
				INFOPLIST_FILE = "App-testTests/Info.plist";
				LD_RUNPATH_SEARCH_PATHS = "$(inherited) @executable_path/Frameworks @loader_path/Frameworks";
				PRODUCT_BUNDLE_IDENTIFIER = "yingjie.App-testTests";
				PRODUCT_NAME = "$(TARGET_NAME)";
				SWIFT_VERSION = 3.0;
				TEST_HOST = "$(BUILT_PRODUCTS_DIR)/App-test.app/App-test";
			};
			name = Debug;
		};
		AFD60D2C1F4B3EA90052E974 /* Release */ = {
			isa = XCBuildConfiguration;
			buildSettings = {
				ALWAYS_EMBED_SWIFT_STANDARD_LIBRARIES = YES;
				BUNDLE_LOADER = "$(TEST_HOST)";
				DEVELOPMENT_TEAM = 54368JVM24;
				INFOPLIST_FILE = "App-testTests/Info.plist";
				LD_RUNPATH_SEARCH_PATHS = "$(inherited) @executable_path/Frameworks @loader_path/Frameworks";
				PRODUCT_BUNDLE_IDENTIFIER = "yingjie.App-testTests";
				PRODUCT_NAME = "$(TARGET_NAME)";
				SWIFT_VERSION = 3.0;
				TEST_HOST = "$(BUILT_PRODUCTS_DIR)/App-test.app/App-test";
			};
			name = Release;
		};
		AFD60D2E1F4B3EA90052E974 /* Debug */ = {
			isa = XCBuildConfiguration;
			buildSettings = {
				ALWAYS_EMBED_SWIFT_STANDARD_LIBRARIES = YES;
				DEVELOPMENT_TEAM = 54368JVM24;
				INFOPLIST_FILE = "App-testUITests/Info.plist";
				LD_RUNPATH_SEARCH_PATHS = "$(inherited) @executable_path/Frameworks @loader_path/Frameworks";
				PRODUCT_BUNDLE_IDENTIFIER = "yingjie.App-testUITests";
				PRODUCT_NAME = "$(TARGET_NAME)";
				SWIFT_VERSION = 3.0;
				TEST_TARGET_NAME = "App-test";
			};
			name = Debug;
		};
		AFD60D2F1F4B3EA90052E974 /* Release */ = {
			isa = XCBuildConfiguration;
			buildSettings = {
				ALWAYS_EMBED_SWIFT_STANDARD_LIBRARIES = YES;
				DEVELOPMENT_TEAM = 54368JVM24;
				INFOPLIST_FILE = "App-testUITests/Info.plist";
				LD_RUNPATH_SEARCH_PATHS = "$(inherited) @executable_path/Frameworks @loader_path/Frameworks";
				PRODUCT_BUNDLE_IDENTIFIER = "yingjie.App-testUITests";
				PRODUCT_NAME = "$(TARGET_NAME)";
				SWIFT_VERSION = 3.0;
				TEST_TARGET_NAME = "App-test";
			};
			name = Release;
		};
/* End XCBuildConfiguration section */

/* Begin XCConfigurationList section */
		AFD60CF81F4B3EA90052E974 /* Build configuration list for PBXProject "App-test" */ = {
			isa = XCConfigurationList;
			buildConfigurations = (
				AFD60D251F4B3EA90052E974 /* Debug */,
				AFD60D261F4B3EA90052E974 /* Release */,
			);
			defaultConfigurationIsVisible = 0;
			defaultConfigurationName = Release;
		};
		AFD60D271F4B3EA90052E974 /* Build configuration list for PBXNativeTarget "App-test" */ = {
			isa = XCConfigurationList;
			buildConfigurations = (
				AFD60D281F4B3EA90052E974 /* Debug */,
				AFD60D291F4B3EA90052E974 /* Release */,
			);
			defaultConfigurationIsVisible = 0;
		};
		AFD60D2A1F4B3EA90052E974 /* Build configuration list for PBXNativeTarget "App-testTests" */ = {
			isa = XCConfigurationList;
			buildConfigurations = (
				AFD60D2B1F4B3EA90052E974 /* Debug */,
				AFD60D2C1F4B3EA90052E974 /* Release */,
			);
			defaultConfigurationIsVisible = 0;
		};
		AFD60D2D1F4B3EA90052E974 /* Build configuration list for PBXNativeTarget "App-testUITests" */ = {
			isa = XCConfigurationList;
			buildConfigurations = (
				AFD60D2E1F4B3EA90052E974 /* Debug */,
				AFD60D2F1F4B3EA90052E974 /* Release */,
			);
			defaultConfigurationIsVisible = 0;
		};
/* End XCConfigurationList section */
	};
	rootObject = AFD60CF51F4B3EA90052E974 /* Project object */;
}
